// !$*UTF8*$!
{
	archiveVersion = 1;
	classes = {
	};
	objectVersion = 46;
	objects = {

/* Begin PBXBuildFile section */
		03693A341B16A17700B324A7 /* Alamofire.framework in Frameworks */ = {isa = PBXBuildFile; fileRef = 03693A331B16A17700B324A7 /* Alamofire.framework */; };
		03693A361B16A64800B324A7 /* Alamofire.framework in Frameworks */ = {isa = PBXBuildFile; fileRef = 03693A331B16A17700B324A7 /* Alamofire.framework */; };
		036B6A211B15123100096A0D /* ReposViewModelTests.swift in Sources */ = {isa = PBXBuildFile; fileRef = 036B6A201B15123100096A0D /* ReposViewModelTests.swift */; };
		036B6A231B15125400096A0D /* ReposViewModel.swift in Sources */ = {isa = PBXBuildFile; fileRef = 036B6A221B15125400096A0D /* ReposViewModel.swift */; };
		03BA68E71B15FE2800D4B262 /* ReposViewModel.swift in Sources */ = {isa = PBXBuildFile; fileRef = 036B6A221B15125400096A0D /* ReposViewModel.swift */; };
		03BA68E91B15FFD600D4B262 /* Repository.swift in Sources */ = {isa = PBXBuildFile; fileRef = 03BA68E81B15FFD600D4B262 /* Repository.swift */; };
		03BA68EB1B16014C00D4B262 /* RepositoryParser.swift in Sources */ = {isa = PBXBuildFile; fileRef = 03BA68EA1B16014C00D4B262 /* RepositoryParser.swift */; };
		03BA68F21B1601FD00D4B262 /* RepositoryParserTests.swift in Sources */ = {isa = PBXBuildFile; fileRef = 03BA68F11B1601FD00D4B262 /* RepositoryParserTests.swift */; };
		03BA68F31B16023900D4B262 /* RepositoryParser.swift in Sources */ = {isa = PBXBuildFile; fileRef = 03BA68EA1B16014C00D4B262 /* RepositoryParser.swift */; };
		03BA68F41B16028500D4B262 /* Repository.swift in Sources */ = {isa = PBXBuildFile; fileRef = 03BA68E81B15FFD600D4B262 /* Repository.swift */; };
		03D571FE1B067BC8003D0545 /* AppDelegate.swift in Sources */ = {isa = PBXBuildFile; fileRef = 03D571FD1B067BC8003D0545 /* AppDelegate.swift */; };
		03D572001B067BC8003D0545 /* ReposViewController.swift in Sources */ = {isa = PBXBuildFile; fileRef = 03D571FF1B067BC8003D0545 /* ReposViewController.swift */; };
		03D572031B067BC8003D0545 /* Main.storyboard in Resources */ = {isa = PBXBuildFile; fileRef = 03D572011B067BC8003D0545 /* Main.storyboard */; };
		03D572051B067BC8003D0545 /* Images.xcassets in Resources */ = {isa = PBXBuildFile; fileRef = 03D572041B067BC8003D0545 /* Images.xcassets */; };
		03D572081B067BC8003D0545 /* LaunchScreen.xib in Resources */ = {isa = PBXBuildFile; fileRef = 03D572061B067BC8003D0545 /* LaunchScreen.xib */; };
		03D5721E1B068223003D0545 /* RepoCell.swift in Sources */ = {isa = PBXBuildFile; fileRef = 03D5721D1B068223003D0545 /* RepoCell.swift */; };
		03E213D41B1620FD005FB345 /* GitHubClient.swift in Sources */ = {isa = PBXBuildFile; fileRef = 03E213D31B1620FD005FB345 /* GitHubClient.swift */; };
		03E213D51B1622B7005FB345 /* GitHubClient.swift in Sources */ = {isa = PBXBuildFile; fileRef = 03E213D31B1620FD005FB345 /* GitHubClient.swift */; };
		03E213D71B162359005FB345 /* DateFormatter.swift in Sources */ = {isa = PBXBuildFile; fileRef = 03E213D61B162359005FB345 /* DateFormatter.swift */; };
		03E213D81B162359005FB345 /* DateFormatter.swift in Sources */ = {isa = PBXBuildFile; fileRef = 03E213D61B162359005FB345 /* DateFormatter.swift */; };
		03E213DA1B1623D6005FB345 /* DateFormatterTests.swift in Sources */ = {isa = PBXBuildFile; fileRef = 03E213D91B1623D6005FB345 /* DateFormatterTests.swift */; };
/* End PBXBuildFile section */

/* Begin PBXContainerItemProxy section */
		03D5720E1B067BC9003D0545 /* PBXContainerItemProxy */ = {
			isa = PBXContainerItemProxy;
			containerPortal = 03D571F01B067BC8003D0545 /* Project object */;
			proxyType = 1;
			remoteGlobalIDString = 03D571F71B067BC8003D0545;
			remoteInfo = Repos;
		};
/* End PBXContainerItemProxy section */

/* Begin PBXFileReference section */
		03693A331B16A17700B324A7 /* Alamofire.framework */ = {isa = PBXFileReference; lastKnownFileType = wrapper.framework; name = Alamofire.framework; path = ../Carthage/Build/iOS/Alamofire.framework; sourceTree = "<group>"; };
		036B6A201B15123100096A0D /* ReposViewModelTests.swift */ = {isa = PBXFileReference; fileEncoding = 4; lastKnownFileType = sourcecode.swift; path = ReposViewModelTests.swift; sourceTree = "<group>"; };
		036B6A221B15125400096A0D /* ReposViewModel.swift */ = {isa = PBXFileReference; fileEncoding = 4; lastKnownFileType = sourcecode.swift; path = ReposViewModel.swift; sourceTree = "<group>"; };
		03BA68E81B15FFD600D4B262 /* Repository.swift */ = {isa = PBXFileReference; fileEncoding = 4; lastKnownFileType = sourcecode.swift; path = Repository.swift; sourceTree = "<group>"; };
		03BA68EA1B16014C00D4B262 /* RepositoryParser.swift */ = {isa = PBXFileReference; fileEncoding = 4; lastKnownFileType = sourcecode.swift; path = RepositoryParser.swift; sourceTree = "<group>"; };
		03BA68F11B1601FD00D4B262 /* RepositoryParserTests.swift */ = {isa = PBXFileReference; fileEncoding = 4; lastKnownFileType = sourcecode.swift; path = RepositoryParserTests.swift; sourceTree = "<group>"; };
		03D571F81B067BC8003D0545 /* Repos.app */ = {isa = PBXFileReference; explicitFileType = wrapper.application; includeInIndex = 0; path = Repos.app; sourceTree = BUILT_PRODUCTS_DIR; };
		03D571FC1B067BC8003D0545 /* Info.plist */ = {isa = PBXFileReference; lastKnownFileType = text.plist.xml; path = Info.plist; sourceTree = "<group>"; };
		03D571FD1B067BC8003D0545 /* AppDelegate.swift */ = {isa = PBXFileReference; lastKnownFileType = sourcecode.swift; path = AppDelegate.swift; sourceTree = "<group>"; };
		03D571FF1B067BC8003D0545 /* ReposViewController.swift */ = {isa = PBXFileReference; lastKnownFileType = sourcecode.swift; path = ReposViewController.swift; sourceTree = "<group>"; };
		03D572021B067BC8003D0545 /* Base */ = {isa = PBXFileReference; lastKnownFileType = file.storyboard; name = Base; path = Base.lproj/Main.storyboard; sourceTree = "<group>"; };
		03D572041B067BC8003D0545 /* Images.xcassets */ = {isa = PBXFileReference; lastKnownFileType = folder.assetcatalog; path = Images.xcassets; sourceTree = "<group>"; };
		03D572071B067BC8003D0545 /* Base */ = {isa = PBXFileReference; lastKnownFileType = file.xib; name = Base; path = Base.lproj/LaunchScreen.xib; sourceTree = "<group>"; };
		03D5720D1B067BC9003D0545 /* ReposTests.xctest */ = {isa = PBXFileReference; explicitFileType = wrapper.cfbundle; includeInIndex = 0; path = ReposTests.xctest; sourceTree = BUILT_PRODUCTS_DIR; };
		03D572121B067BC9003D0545 /* Info.plist */ = {isa = PBXFileReference; lastKnownFileType = text.plist.xml; path = Info.plist; sourceTree = "<group>"; };
		03D5721D1B068223003D0545 /* RepoCell.swift */ = {isa = PBXFileReference; fileEncoding = 4; lastKnownFileType = sourcecode.swift; path = RepoCell.swift; sourceTree = "<group>"; };
		03E213D31B1620FD005FB345 /* GitHubClient.swift */ = {isa = PBXFileReference; fileEncoding = 4; lastKnownFileType = sourcecode.swift; path = GitHubClient.swift; sourceTree = "<group>"; };
		03E213D61B162359005FB345 /* DateFormatter.swift */ = {isa = PBXFileReference; fileEncoding = 4; lastKnownFileType = sourcecode.swift; path = DateFormatter.swift; sourceTree = "<group>"; };
		03E213D91B1623D6005FB345 /* DateFormatterTests.swift */ = {isa = PBXFileReference; fileEncoding = 4; lastKnownFileType = sourcecode.swift; path = DateFormatterTests.swift; sourceTree = "<group>"; };
/* End PBXFileReference section */

/* Begin PBXFrameworksBuildPhase section */
		03D571F51B067BC8003D0545 /* Frameworks */ = {
			isa = PBXFrameworksBuildPhase;
			buildActionMask = 2147483647;
			files = (
				03693A341B16A17700B324A7 /* Alamofire.framework in Frameworks */,
			);
			runOnlyForDeploymentPostprocessing = 0;
		};
		03D5720A1B067BC9003D0545 /* Frameworks */ = {
			isa = PBXFrameworksBuildPhase;
			buildActionMask = 2147483647;
			files = (
				03693A361B16A64800B324A7 /* Alamofire.framework in Frameworks */,
			);
			runOnlyForDeploymentPostprocessing = 0;
		};
/* End PBXFrameworksBuildPhase section */

/* Begin PBXGroup section */
		03BA68EC1B16019600D4B262 /* Source */ = {
			isa = PBXGroup;
			children = (
				03D571FD1B067BC8003D0545 /* AppDelegate.swift */,
				03D571FF1B067BC8003D0545 /* ReposViewController.swift */,
				036B6A221B15125400096A0D /* ReposViewModel.swift */,
				03D5721D1B068223003D0545 /* RepoCell.swift */,
				03BA68E81B15FFD600D4B262 /* Repository.swift */,
				03BA68EA1B16014C00D4B262 /* RepositoryParser.swift */,
				03E213D31B1620FD005FB345 /* GitHubClient.swift */,
				03E213D61B162359005FB345 /* DateFormatter.swift */,
			);
			name = Source;
			sourceTree = "<group>";
		};
		03BA68EE1B1601D300D4B262 /* Source */ = {
			isa = PBXGroup;
			children = (
				036B6A201B15123100096A0D /* ReposViewModelTests.swift */,
				03BA68F11B1601FD00D4B262 /* RepositoryParserTests.swift */,
				03E213D91B1623D6005FB345 /* DateFormatterTests.swift */,
			);
			name = Source;
			sourceTree = "<group>";
		};
		03D571EF1B067BC8003D0545 = {
			isa = PBXGroup;
			children = (
				03D571FA1B067BC8003D0545 /* Repos */,
				03D572101B067BC9003D0545 /* ReposTests */,
				03D571F91B067BC8003D0545 /* Products */,
			);
			sourceTree = "<group>";
		};
		03D571F91B067BC8003D0545 /* Products */ = {
			isa = PBXGroup;
			children = (
				03D571F81B067BC8003D0545 /* Repos.app */,
				03D5720D1B067BC9003D0545 /* ReposTests.xctest */,
			);
			name = Products;
			sourceTree = "<group>";
		};
		03D571FA1B067BC8003D0545 /* Repos */ = {
			isa = PBXGroup;
			children = (
				03D572011B067BC8003D0545 /* Main.storyboard */,
				03D572041B067BC8003D0545 /* Images.xcassets */,
				03D572061B067BC8003D0545 /* LaunchScreen.xib */,
				03BA68EC1B16019600D4B262 /* Source */,
				03E93E411B175010009E7EA1 /* Frameworks */,
				03D571FB1B067BC8003D0545 /* Supporting Files */,
			);
			path = Repos;
			sourceTree = "<group>";
		};
		03D571FB1B067BC8003D0545 /* Supporting Files */ = {
			isa = PBXGroup;
			children = (
				03D571FC1B067BC8003D0545 /* Info.plist */,
			);
			name = "Supporting Files";
			sourceTree = "<group>";
		};
		03D572101B067BC9003D0545 /* ReposTests */ = {
			isa = PBXGroup;
			children = (
				03BA68EE1B1601D300D4B262 /* Source */,
				03D572111B067BC9003D0545 /* Supporting Files */,
			);
			path = ReposTests;
			sourceTree = "<group>";
		};
		03D572111B067BC9003D0545 /* Supporting Files */ = {
			isa = PBXGroup;
			children = (
				03D572121B067BC9003D0545 /* Info.plist */,
			);
			name = "Supporting Files";
			sourceTree = "<group>";
		};
		03E93E411B175010009E7EA1 /* Frameworks */ = {
			isa = PBXGroup;
			children = (
				03693A331B16A17700B324A7 /* Alamofire.framework */,
			);
			name = Frameworks;
			sourceTree = "<group>";
		};
/* End PBXGroup section */

/* Begin PBXNativeTarget section */
		03D571F71B067BC8003D0545 /* Repos */ = {
			isa = PBXNativeTarget;
			buildConfigurationList = 03D572171B067BC9003D0545 /* Build configuration list for PBXNativeTarget "Repos" */;
			buildPhases = (
				03D571F41B067BC8003D0545 /* Sources */,
				03D571F51B067BC8003D0545 /* Frameworks */,
				03D571F61B067BC8003D0545 /* Resources */,
				03693A351B16A18E00B324A7 /* ShellScript */,
			);
			buildRules = (
			);
			dependencies = (
			);
			name = Repos;
			productName = Repos;
			productReference = 03D571F81B067BC8003D0545 /* Repos.app */;
			productType = "com.apple.product-type.application";
		};
		03D5720C1B067BC9003D0545 /* ReposTests */ = {
			isa = PBXNativeTarget;
			buildConfigurationList = 03D5721A1B067BC9003D0545 /* Build configuration list for PBXNativeTarget "ReposTests" */;
			buildPhases = (
				03D572091B067BC9003D0545 /* Sources */,
				03D5720A1B067BC9003D0545 /* Frameworks */,
				03D5720B1B067BC9003D0545 /* Resources */,
			);
			buildRules = (
			);
			dependencies = (
				03D5720F1B067BC9003D0545 /* PBXTargetDependency */,
			);
			name = ReposTests;
			productName = ReposTests;
			productReference = 03D5720D1B067BC9003D0545 /* ReposTests.xctest */;
			productType = "com.apple.product-type.bundle.unit-test";
		};
/* End PBXNativeTarget section */

/* Begin PBXProject section */
		03D571F01B067BC8003D0545 /* Project object */ = {
			isa = PBXProject;
			attributes = {
				LastUpgradeCheck = 0630;
				ORGANIZATIONNAME = "Roadfire Software";
				TargetAttributes = {
					03D571F71B067BC8003D0545 = {
						CreatedOnToolsVersion = 6.3.1;
					};
					03D5720C1B067BC9003D0545 = {
						CreatedOnToolsVersion = 6.3.1;
						TestTargetID = 03D571F71B067BC8003D0545;
					};
				};
			};
			buildConfigurationList = 03D571F31B067BC8003D0545 /* Build configuration list for PBXProject "Repos" */;
			compatibilityVersion = "Xcode 3.2";
			developmentRegion = English;
			hasScannedForEncodings = 0;
			knownRegions = (
				en,
				Base,
			);
			mainGroup = 03D571EF1B067BC8003D0545;
			productRefGroup = 03D571F91B067BC8003D0545 /* Products */;
			projectDirPath = "";
			projectRoot = "";
			targets = (
				03D571F71B067BC8003D0545 /* Repos */,
				03D5720C1B067BC9003D0545 /* ReposTests */,
			);
		};
/* End PBXProject section */

/* Begin PBXResourcesBuildPhase section */
		03D571F61B067BC8003D0545 /* Resources */ = {
			isa = PBXResourcesBuildPhase;
			buildActionMask = 2147483647;
			files = (
				03D572031B067BC8003D0545 /* Main.storyboard in Resources */,
				03D572081B067BC8003D0545 /* LaunchScreen.xib in Resources */,
				03D572051B067BC8003D0545 /* Images.xcassets in Resources */,
			);
			runOnlyForDeploymentPostprocessing = 0;
		};
		03D5720B1B067BC9003D0545 /* Resources */ = {
			isa = PBXResourcesBuildPhase;
			buildActionMask = 2147483647;
			files = (
			);
			runOnlyForDeploymentPostprocessing = 0;
		};
/* End PBXResourcesBuildPhase section */

/* Begin PBXShellScriptBuildPhase section */
		03693A351B16A18E00B324A7 /* ShellScript */ = {
			isa = PBXShellScriptBuildPhase;
			buildActionMask = 2147483647;
			files = (
			);
			inputPaths = (
				"$(SRCROOT)/Carthage/Build/iOS/Alamofire.framework",
			);
			outputPaths = (
			);
			runOnlyForDeploymentPostprocessing = 0;
			shellPath = /bin/sh;
			shellScript = "/usr/local/bin/carthage copy-frameworks";
		};
/* End PBXShellScriptBuildPhase section */

/* Begin PBXSourcesBuildPhase section */
		03D571F41B067BC8003D0545 /* Sources */ = {
			isa = PBXSourcesBuildPhase;
			buildActionMask = 2147483647;
			files = (
				03E213D71B162359005FB345 /* DateFormatter.swift in Sources */,
				036B6A231B15125400096A0D /* ReposViewModel.swift in Sources */,
				03D572001B067BC8003D0545 /* ReposViewController.swift in Sources */,
				03BA68E91B15FFD600D4B262 /* Repository.swift in Sources */,
				03E213D41B1620FD005FB345 /* GitHubClient.swift in Sources */,
				03D571FE1B067BC8003D0545 /* AppDelegate.swift in Sources */,
				03BA68EB1B16014C00D4B262 /* RepositoryParser.swift in Sources */,
				03D5721E1B068223003D0545 /* RepoCell.swift in Sources */,
			);
			runOnlyForDeploymentPostprocessing = 0;
		};
		03D572091B067BC9003D0545 /* Sources */ = {
			isa = PBXSourcesBuildPhase;
			buildActionMask = 2147483647;
			files = (
				03E213DA1B1623D6005FB345 /* DateFormatterTests.swift in Sources */,
				03BA68E71B15FE2800D4B262 /* ReposViewModel.swift in Sources */,
				03BA68F21B1601FD00D4B262 /* RepositoryParserTests.swift in Sources */,
				03BA68F41B16028500D4B262 /* Repository.swift in Sources */,
				03E213D81B162359005FB345 /* DateFormatter.swift in Sources */,
				03E213D51B1622B7005FB345 /* GitHubClient.swift in Sources */,
				03BA68F31B16023900D4B262 /* RepositoryParser.swift in Sources */,
				036B6A211B15123100096A0D /* ReposViewModelTests.swift in Sources */,
			);
			runOnlyForDeploymentPostprocessing = 0;
		};
/* End PBXSourcesBuildPhase section */

/* Begin PBXTargetDependency section */
		03D5720F1B067BC9003D0545 /* PBXTargetDependency */ = {
			isa = PBXTargetDependency;
			target = 03D571F71B067BC8003D0545 /* Repos */;
			targetProxy = 03D5720E1B067BC9003D0545 /* PBXContainerItemProxy */;
		};
/* End PBXTargetDependency section */

/* Begin PBXVariantGroup section */
		03D572011B067BC8003D0545 /* Main.storyboard */ = {
			isa = PBXVariantGroup;
			children = (
				03D572021B067BC8003D0545 /* Base */,
			);
			name = Main.storyboard;
			sourceTree = "<group>";
		};
		03D572061B067BC8003D0545 /* LaunchScreen.xib */ = {
			isa = PBXVariantGroup;
			children = (
				03D572071B067BC8003D0545 /* Base */,
			);
			name = LaunchScreen.xib;
			sourceTree = "<group>";
		};
/* End PBXVariantGroup section */

/* Begin XCBuildConfiguration section */
		03D572151B067BC9003D0545 /* Debug */ = {
			isa = XCBuildConfiguration;
			buildSettings = {
				ALWAYS_SEARCH_USER_PATHS = NO;
				CLANG_CXX_LANGUAGE_STANDARD = "gnu++0x";
				CLANG_CXX_LIBRARY = "libc++";
				CLANG_ENABLE_MODULES = YES;
				CLANG_ENABLE_OBJC_ARC = YES;
				CLANG_WARN_BOOL_CONVERSION = YES;
				CLANG_WARN_CONSTANT_CONVERSION = YES;
				CLANG_WARN_DIRECT_OBJC_ISA_USAGE = YES_ERROR;
				CLANG_WARN_EMPTY_BODY = YES;
				CLANG_WARN_ENUM_CONVERSION = YES;
				CLANG_WARN_INT_CONVERSION = YES;
				CLANG_WARN_OBJC_ROOT_CLASS = YES_ERROR;
				CLANG_WARN_UNREACHABLE_CODE = YES;
				CLANG_WARN__DUPLICATE_METHOD_MATCH = YES;
				"CODE_SIGN_IDENTITY[sdk=iphoneos*]" = "iPhone Developer";
				COPY_PHASE_STRIP = NO;
				DEBUG_INFORMATION_FORMAT = "dwarf-with-dsym";
				ENABLE_STRICT_OBJC_MSGSEND = YES;
				GCC_C_LANGUAGE_STANDARD = gnu99;
				GCC_DYNAMIC_NO_PIC = NO;
				GCC_NO_COMMON_BLOCKS = YES;
				GCC_OPTIMIZATION_LEVEL = 0;
				GCC_PREPROCESSOR_DEFINITIONS = (
					"DEBUG=1",
					"$(inherited)",
				);
				GCC_SYMBOLS_PRIVATE_EXTERN = NO;
				GCC_WARN_64_TO_32_BIT_CONVERSION = YES;
				GCC_WARN_ABOUT_RETURN_TYPE = YES_ERROR;
				GCC_WARN_UNDECLARED_SELECTOR = YES;
				GCC_WARN_UNINITIALIZED_AUTOS = YES_AGGRESSIVE;
				GCC_WARN_UNUSED_FUNCTION = YES;
				GCC_WARN_UNUSED_VARIABLE = YES;
				IPHONEOS_DEPLOYMENT_TARGET = 8.3;
				MTL_ENABLE_DEBUG_INFO = YES;
				ONLY_ACTIVE_ARCH = YES;
				SDKROOT = iphoneos;
				SWIFT_OPTIMIZATION_LEVEL = "-Onone";
			};
			name = Debug;
		};
		03D572161B067BC9003D0545 /* Release */ = {
			isa = XCBuildConfiguration;
			buildSettings = {
				ALWAYS_SEARCH_USER_PATHS = NO;
				CLANG_CXX_LANGUAGE_STANDARD = "gnu++0x";
				CLANG_CXX_LIBRARY = "libc++";
				CLANG_ENABLE_MODULES = YES;
				CLANG_ENABLE_OBJC_ARC = YES;
				CLANG_WARN_BOOL_CONVERSION = YES;
				CLANG_WARN_CONSTANT_CONVERSION = YES;
				CLANG_WARN_DIRECT_OBJC_ISA_USAGE = YES_ERROR;
				CLANG_WARN_EMPTY_BODY = YES;
				CLANG_WARN_ENUM_CONVERSION = YES;
				CLANG_WARN_INT_CONVERSION = YES;
				CLANG_WARN_OBJC_ROOT_CLASS = YES_ERROR;
				CLANG_WARN_UNREACHABLE_CODE = YES;
				CLANG_WARN__DUPLICATE_METHOD_MATCH = YES;
				"CODE_SIGN_IDENTITY[sdk=iphoneos*]" = "iPhone Developer";
				COPY_PHASE_STRIP = NO;
				DEBUG_INFORMATION_FORMAT = "dwarf-with-dsym";
				ENABLE_NS_ASSERTIONS = NO;
				ENABLE_STRICT_OBJC_MSGSEND = YES;
				GCC_C_LANGUAGE_STANDARD = gnu99;
				GCC_NO_COMMON_BLOCKS = YES;
				GCC_WARN_64_TO_32_BIT_CONVERSION = YES;
				GCC_WARN_ABOUT_RETURN_TYPE = YES_ERROR;
				GCC_WARN_UNDECLARED_SELECTOR = YES;
				GCC_WARN_UNINITIALIZED_AUTOS = YES_AGGRESSIVE;
				GCC_WARN_UNUSED_FUNCTION = YES;
				GCC_WARN_UNUSED_VARIABLE = YES;
				IPHONEOS_DEPLOYMENT_TARGET = 8.3;
				MTL_ENABLE_DEBUG_INFO = NO;
				SDKROOT = iphoneos;
				VALIDATE_PRODUCT = YES;
			};
			name = Release;
		};
		03D572181B067BC9003D0545 /* Debug */ = {
			isa = XCBuildConfiguration;
			buildSettings = {
				ASSETCATALOG_COMPILER_APPICON_NAME = AppIcon;
				FRAMEWORK_SEARCH_PATHS = (
					"$(inherited)",
					"$(PROJECT_DIR)/Carthage/Build/iOS",
				);
				INFOPLIST_FILE = Repos/Info.plist;
				LD_RUNPATH_SEARCH_PATHS = "$(inherited) @executable_path/Frameworks";
				PRODUCT_NAME = "$(TARGET_NAME)";
			};
			name = Debug;
		};
		03D572191B067BC9003D0545 /* Release */ = {
			isa = XCBuildConfiguration;
			buildSettings = {
				ASSETCATALOG_COMPILER_APPICON_NAME = AppIcon;
				FRAMEWORK_SEARCH_PATHS = (
					"$(inherited)",
					"$(PROJECT_DIR)/Carthage/Build/iOS",
				);
				INFOPLIST_FILE = Repos/Info.plist;
				LD_RUNPATH_SEARCH_PATHS = "$(inherited) @executable_path/Frameworks";
				PRODUCT_NAME = "$(TARGET_NAME)";
			};
			name = Release;
		};
		03D5721B1B067BC9003D0545 /* Debug */ = {
			isa = XCBuildConfiguration;
			buildSettings = {
				BUNDLE_LOADER = "$(TEST_HOST)";
				FRAMEWORK_SEARCH_PATHS = (
					"$(SDKROOT)/Developer/Library/Frameworks",
					"$(inherited)",
					"$(PROJECT_DIR)/Carthage/Build/iOS",
				);
				GCC_PREPROCESSOR_DEFINITIONS = (
					"DEBUG=1",
					"$(inherited)",
				);
				INFOPLIST_FILE = ReposTests/Info.plist;
				LD_RUNPATH_SEARCH_PATHS = "$(inherited) @executable_path/Frameworks @loader_path/Frameworks";
				PRODUCT_NAME = "$(TARGET_NAME)";
				TEST_HOST = "$(BUILT_PRODUCTS_DIR)/Repos.app/Repos";
			};
			name = Debug;
		};
		03D5721C1B067BC9003D0545 /* Release */ = {
			isa = XCBuildConfiguration;
			buildSettings = {
				BUNDLE_LOADER = "$(TEST_HOST)";
				FRAMEWORK_SEARCH_PATHS = (
					"$(SDKROOT)/Developer/Library/Frameworks",
					"$(inherited)",
					"$(PROJECT_DIR)/Carthage/Build/iOS",
				);
				INFOPLIST_FILE = ReposTests/Info.plist;
				LD_RUNPATH_SEARCH_PATHS = "$(inherited) @executable_path/Frameworks @loader_path/Frameworks";
				PRODUCT_NAME = "$(TARGET_NAME)";
				TEST_HOST = "$(BUILT_PRODUCTS_DIR)/Repos.app/Repos";
			};
			name = Release;
		};
/* End XCBuildConfiguration section */

/* Begin XCConfigurationList section */
		03D571F31B067BC8003D0545 /* Build configuration list for PBXProject "Repos" */ = {
			isa = XCConfigurationList;
			buildConfigurations = (
				03D572151B067BC9003D0545 /* Debug */,
				03D572161B067BC9003D0545 /* Release */,
			);
			defaultConfigurationIsVisible = 0;
			defaultConfigurationName = Release;
		};
		03D572171B067BC9003D0545 /* Build configuration list for PBXNativeTarget "Repos" */ = {
			isa = XCConfigurationList;
			buildConfigurations = (
				03D572181B067BC9003D0545 /* Debug */,
				03D572191B067BC9003D0545 /* Release */,
			);
			defaultConfigurationIsVisible = 0;
			defaultConfigurationName = Release;
		};
		03D5721A1B067BC9003D0545 /* Build configuration list for PBXNativeTarget "ReposTests" */ = {
			isa = XCConfigurationList;
			buildConfigurations = (
				03D5721B1B067BC9003D0545 /* Debug */,
				03D5721C1B067BC9003D0545 /* Release */,
			);
			defaultConfigurationIsVisible = 0;
			defaultConfigurationName = Release;
		};
/* End XCConfigurationList section */
	};
	rootObject = 03D571F01B067BC8003D0545 /* Project object */;
}
